// !$*UTF8*$!
{
	archiveVersion = 1;
	classes = {
	};
	objectVersion = 46;
	objects = {

/* Begin PBXBuildFile section */
		1A545BD81E36A7E800F15E31 /* User.swift in Sources */ = {isa = PBXBuildFile; fileRef = 1A545BD71E36A7E800F15E31 /* User.swift */; };
		1A545BE41E36B2B000F15E31 /* FBItem.swift in Sources */ = {isa = PBXBuildFile; fileRef = 1A545BE31E36B2B000F15E31 /* FBItem.swift */; };
		1A545C3B1E36D36700F15E31 /* File.swift in Sources */ = {isa = PBXBuildFile; fileRef = 1A545C3A1E36D36700F15E31 /* File.swift */; };
		1A545C3D1E36D43200F15E31 /* FBDataManager.swift in Sources */ = {isa = PBXBuildFile; fileRef = 1A545C3C1E36D43200F15E31 /* FBDataManager.swift */; };
		1A545C641E36D9C600F15E31 /* UserPrefsModel.swift in Sources */ = {isa = PBXBuildFile; fileRef = 1A545C631E36D9C600F15E31 /* UserPrefsModel.swift */; };
		1A545C661E36DA3500F15E31 /* AppPrefsModel.swift in Sources */ = {isa = PBXBuildFile; fileRef = 1A545C651E36DA3500F15E31 /* AppPrefsModel.swift */; };
		1A6802B91E3D82DC006FC5B7 /* StringEncryptor.swift in Sources */ = {isa = PBXBuildFile; fileRef = 1A6802B81E3D82DC006FC5B7 /* StringEncryptor.swift */; };
		1A6802BC1E3D85B7006FC5B7 /* EncryptionProtocol.swift in Sources */ = {isa = PBXBuildFile; fileRef = 1A6802BB1E3D85B7006FC5B7 /* EncryptionProtocol.swift */; };
		1A75C7071E393716000F92A1 /* PlistManager.swift in Sources */ = {isa = PBXBuildFile; fileRef = 1A75C7061E393716000F92A1 /* PlistManager.swift */; };
		1AA496E91E369C1D000A70ED /* AppDelegate.swift in Sources */ = {isa = PBXBuildFile; fileRef = 1AA496E81E369C1D000A70ED /* AppDelegate.swift */; };
		1AA496ED1E369C1D000A70ED /* SettingsViewController.swift in Sources */ = {isa = PBXBuildFile; fileRef = 1AA496EC1E369C1D000A70ED /* SettingsViewController.swift */; };
		1AA496F01E369C1D000A70ED /* Main.storyboard in Resources */ = {isa = PBXBuildFile; fileRef = 1AA496EE1E369C1D000A70ED /* Main.storyboard */; };
		1AA496F21E369C1D000A70ED /* Assets.xcassets in Resources */ = {isa = PBXBuildFile; fileRef = 1AA496F11E369C1D000A70ED /* Assets.xcassets */; };
		1AA496F51E369C1D000A70ED /* LaunchScreen.storyboard in Resources */ = {isa = PBXBuildFile; fileRef = 1AA496F31E369C1D000A70ED /* LaunchScreen.storyboard */; };
		1AA497011E369D31000A70ED /* MainTabBarControllerViewController.swift in Sources */ = {isa = PBXBuildFile; fileRef = 1AA497001E369D31000A70ED /* MainTabBarControllerViewController.swift */; };
		1AA497031E36A006000A70ED /* FilesViewNavController.swift in Sources */ = {isa = PBXBuildFile; fileRef = 1AA497021E36A006000A70ED /* FilesViewNavController.swift */; };
		1AD2D79E1E50E137004AED74 /* String+NullCheck.swift in Sources */ = {isa = PBXBuildFile; fileRef = 1AD2D79D1E50E137004AED74 /* String+NullCheck.swift */; };
		1AE5814E1E36E23A0050FA6D /* Localizable.strings in Resources */ = {isa = PBXBuildFile; fileRef = 1AE5814D1E36E23A0050FA6D /* Localizable.strings */; };
		1AE581511E36E2850050FA6D /* DefaultStringConstants.swift in Sources */ = {isa = PBXBuildFile; fileRef = 1AE581501E36E2850050FA6D /* DefaultStringConstants.swift */; };
		1AE581541E36E5A10050FA6D /* String+Localizable.swift in Sources */ = {isa = PBXBuildFile; fileRef = 1AE581531E36E5A10050FA6D /* String+Localizable.swift */; };
		1AE5815B1E36F06C0050FA6D /* FilesTableViewController.swift in Sources */ = {isa = PBXBuildFile; fileRef = 1AE5815A1E36F06C0050FA6D /* FilesTableViewController.swift */; };
		1AE5815C1E36F2C00050FA6D /* DataModel.swift in Sources */ = {isa = PBXBuildFile; fileRef = 1A545C611E36D95800F15E31 /* DataModel.swift */; };
		1AE5815F1E36F6490050FA6D /* FBFileTableViewCell.swift in Sources */ = {isa = PBXBuildFile; fileRef = 1AE5815D1E36F6490050FA6D /* FBFileTableViewCell.swift */; };
		1AE581601E36F6490050FA6D /* FBFileTableViewCell.xib in Resources */ = {isa = PBXBuildFile; fileRef = 1AE5815E1E36F6490050FA6D /* FBFileTableViewCell.xib */; };
		1AE5816A1E36FA0F0050FA6D /* AppData.swift in Sources */ = {isa = PBXBuildFile; fileRef = 1AE581691E36FA0F0050FA6D /* AppData.swift */; };
		1AE5816D1E3703100050FA6D /* AppDefaults.swift in Sources */ = {isa = PBXBuildFile; fileRef = 1AE5816C1E3703100050FA6D /* AppDefaults.swift */; };
		1AE581701E370D220050FA6D /* Console.swift in Sources */ = {isa = PBXBuildFile; fileRef = 1AE5816F1E370D220050FA6D /* Console.swift */; };
		1AE581741E3718EB0050FA6D /* LoginManager.swift in Sources */ = {isa = PBXBuildFile; fileRef = 1AE581731E3718EB0050FA6D /* LoginManager.swift */; };
		1AE581761E372C690050FA6D /* Credentials.swift in Sources */ = {isa = PBXBuildFile; fileRef = 1AE581751E372C690050FA6D /* Credentials.swift */; };
		1AE581781E372EDA0050FA6D /* ReadMe.md in Sources */ = {isa = PBXBuildFile; fileRef = 1AE581771E372EDA0050FA6D /* ReadMe.md */; };
		1AE5817C1E374E9A0050FA6D /* AsyncTask.swift in Sources */ = {isa = PBXBuildFile; fileRef = 1AE5817B1E374E9A0050FA6D /* AsyncTask.swift */; };
		1AE5817E1E375C810050FA6D /* UserDataManager.swift in Sources */ = {isa = PBXBuildFile; fileRef = 1AE5817D1E375C810050FA6D /* UserDataManager.swift */; };
		1AE581801E375E3A0050FA6D /* SynchronousTask.swift in Sources */ = {isa = PBXBuildFile; fileRef = 1AE5817F1E375E3A0050FA6D /* SynchronousTask.swift */; };
		1AE581821E375ED50050FA6D /* DispatchQueues.swift in Sources */ = {isa = PBXBuildFile; fileRef = 1AE581811E375ED50050FA6D /* DispatchQueues.swift */; };
/* End PBXBuildFile section */

/* Begin PBXFileReference section */
		1A545BD71E36A7E800F15E31 /* User.swift */ = {isa = PBXFileReference; fileEncoding = 4; lastKnownFileType = sourcecode.swift; path = User.swift; sourceTree = "<group>"; };
		1A545BE31E36B2B000F15E31 /* FBItem.swift */ = {isa = PBXFileReference; fileEncoding = 4; lastKnownFileType = sourcecode.swift; path = FBItem.swift; sourceTree = "<group>"; };
		1A545C3A1E36D36700F15E31 /* File.swift */ = {isa = PBXFileReference; fileEncoding = 4; lastKnownFileType = sourcecode.swift; path = File.swift; sourceTree = "<group>"; };
		1A545C3C1E36D43200F15E31 /* FBDataManager.swift */ = {isa = PBXFileReference; fileEncoding = 4; lastKnownFileType = sourcecode.swift; path = FBDataManager.swift; sourceTree = "<group>"; };
		1A545C611E36D95800F15E31 /* DataModel.swift */ = {isa = PBXFileReference; fileEncoding = 4; lastKnownFileType = sourcecode.swift; path = DataModel.swift; sourceTree = "<group>"; };
		1A545C631E36D9C600F15E31 /* UserPrefsModel.swift */ = {isa = PBXFileReference; fileEncoding = 4; lastKnownFileType = sourcecode.swift; path = UserPrefsModel.swift; sourceTree = "<group>"; };
		1A545C651E36DA3500F15E31 /* AppPrefsModel.swift */ = {isa = PBXFileReference; fileEncoding = 4; lastKnownFileType = sourcecode.swift; path = AppPrefsModel.swift; sourceTree = "<group>"; };
		1A6802B81E3D82DC006FC5B7 /* StringEncryptor.swift */ = {isa = PBXFileReference; fileEncoding = 4; lastKnownFileType = sourcecode.swift; path = StringEncryptor.swift; sourceTree = "<group>"; };
		1A6802BB1E3D85B7006FC5B7 /* EncryptionProtocol.swift */ = {isa = PBXFileReference; fileEncoding = 4; lastKnownFileType = sourcecode.swift; path = EncryptionProtocol.swift; sourceTree = "<group>"; };
		1A75C7061E393716000F92A1 /* PlistManager.swift */ = {isa = PBXFileReference; fileEncoding = 4; lastKnownFileType = sourcecode.swift; path = PlistManager.swift; sourceTree = "<group>"; };
		1AA496E51E369C1D000A70ED /* EncryptMe.app */ = {isa = PBXFileReference; explicitFileType = wrapper.application; includeInIndex = 0; path = EncryptMe.app; sourceTree = BUILT_PRODUCTS_DIR; };
		1AA496E81E369C1D000A70ED /* AppDelegate.swift */ = {isa = PBXFileReference; lastKnownFileType = sourcecode.swift; path = AppDelegate.swift; sourceTree = "<group>"; };
		1AA496EC1E369C1D000A70ED /* SettingsViewController.swift */ = {isa = PBXFileReference; lastKnownFileType = sourcecode.swift; path = SettingsViewController.swift; sourceTree = "<group>"; };
		1AA496EF1E369C1D000A70ED /* Base */ = {isa = PBXFileReference; lastKnownFileType = file.storyboard; name = Base; path = Base.lproj/Main.storyboard; sourceTree = "<group>"; };
		1AA496F11E369C1D000A70ED /* Assets.xcassets */ = {isa = PBXFileReference; lastKnownFileType = folder.assetcatalog; path = Assets.xcassets; sourceTree = "<group>"; };
		1AA496F41E369C1D000A70ED /* Base */ = {isa = PBXFileReference; lastKnownFileType = file.storyboard; name = Base; path = Base.lproj/LaunchScreen.storyboard; sourceTree = "<group>"; };
		1AA496F61E369C1D000A70ED /* Info.plist */ = {isa = PBXFileReference; lastKnownFileType = text.plist.xml; path = Info.plist; sourceTree = "<group>"; };
		1AA497001E369D31000A70ED /* MainTabBarControllerViewController.swift */ = {isa = PBXFileReference; fileEncoding = 4; lastKnownFileType = sourcecode.swift; path = MainTabBarControllerViewController.swift; sourceTree = "<group>"; };
		1AA497021E36A006000A70ED /* FilesViewNavController.swift */ = {isa = PBXFileReference; fileEncoding = 4; lastKnownFileType = sourcecode.swift; path = FilesViewNavController.swift; sourceTree = "<group>"; };
		1AD2D79D1E50E137004AED74 /* String+NullCheck.swift */ = {isa = PBXFileReference; fileEncoding = 4; lastKnownFileType = sourcecode.swift; path = "String+NullCheck.swift"; sourceTree = "<group>"; };
		1AE5814D1E36E23A0050FA6D /* Localizable.strings */ = {isa = PBXFileReference; fileEncoding = 4; lastKnownFileType = text.plist.strings; path = Localizable.strings; sourceTree = "<group>"; };
		1AE581501E36E2850050FA6D /* DefaultStringConstants.swift */ = {isa = PBXFileReference; fileEncoding = 4; lastKnownFileType = sourcecode.swift; path = DefaultStringConstants.swift; sourceTree = "<group>"; };
		1AE581531E36E5A10050FA6D /* String+Localizable.swift */ = {isa = PBXFileReference; fileEncoding = 4; lastKnownFileType = sourcecode.swift; path = "String+Localizable.swift"; sourceTree = "<group>"; };
		1AE5815A1E36F06C0050FA6D /* FilesTableViewController.swift */ = {isa = PBXFileReference; fileEncoding = 4; lastKnownFileType = sourcecode.swift; path = FilesTableViewController.swift; sourceTree = "<group>"; };
		1AE5815D1E36F6490050FA6D /* FBFileTableViewCell.swift */ = {isa = PBXFileReference; fileEncoding = 4; lastKnownFileType = sourcecode.swift; path = FBFileTableViewCell.swift; sourceTree = "<group>"; };
		1AE5815E1E36F6490050FA6D /* FBFileTableViewCell.xib */ = {isa = PBXFileReference; fileEncoding = 4; lastKnownFileType = file.xib; path = FBFileTableViewCell.xib; sourceTree = "<group>"; };
		1AE581691E36FA0F0050FA6D /* AppData.swift */ = {isa = PBXFileReference; fileEncoding = 4; lastKnownFileType = sourcecode.swift; path = AppData.swift; sourceTree = "<group>"; };
		1AE5816C1E3703100050FA6D /* AppDefaults.swift */ = {isa = PBXFileReference; fileEncoding = 4; lastKnownFileType = sourcecode.swift; path = AppDefaults.swift; sourceTree = "<group>"; };
		1AE5816F1E370D220050FA6D /* Console.swift */ = {isa = PBXFileReference; fileEncoding = 4; lastKnownFileType = sourcecode.swift; path = Console.swift; sourceTree = "<group>"; };
		1AE581731E3718EB0050FA6D /* LoginManager.swift */ = {isa = PBXFileReference; fileEncoding = 4; lastKnownFileType = sourcecode.swift; path = LoginManager.swift; sourceTree = "<group>"; };
		1AE581751E372C690050FA6D /* Credentials.swift */ = {isa = PBXFileReference; fileEncoding = 4; lastKnownFileType = sourcecode.swift; path = Credentials.swift; sourceTree = "<group>"; };
		1AE581771E372EDA0050FA6D /* ReadMe.md */ = {isa = PBXFileReference; fileEncoding = 4; lastKnownFileType = net.daringfireball.markdown; path = ReadMe.md; sourceTree = "<group>"; };
		1AE5817B1E374E9A0050FA6D /* AsyncTask.swift */ = {isa = PBXFileReference; fileEncoding = 4; lastKnownFileType = sourcecode.swift; path = AsyncTask.swift; sourceTree = "<group>"; };
		1AE5817D1E375C810050FA6D /* UserDataManager.swift */ = {isa = PBXFileReference; fileEncoding = 4; lastKnownFileType = sourcecode.swift; path = UserDataManager.swift; sourceTree = "<group>"; };
		1AE5817F1E375E3A0050FA6D /* SynchronousTask.swift */ = {isa = PBXFileReference; fileEncoding = 4; lastKnownFileType = sourcecode.swift; path = SynchronousTask.swift; sourceTree = "<group>"; };
		1AE581811E375ED50050FA6D /* DispatchQueues.swift */ = {isa = PBXFileReference; fileEncoding = 4; lastKnownFileType = sourcecode.swift; path = DispatchQueues.swift; sourceTree = "<group>"; };
/* End PBXFileReference section */

/* Begin PBXFrameworksBuildPhase section */
		1AA496E21E369C1D000A70ED /* Frameworks */ = {
			isa = PBXFrameworksBuildPhase;
			buildActionMask = 2147483647;
			files = (
			);
			runOnlyForDeploymentPostprocessing = 0;
		};
/* End PBXFrameworksBuildPhase section */

/* Begin PBXGroup section */
		1A545BD61E36A7C800F15E31 /* Models */ = {
			isa = PBXGroup;
			children = (
				1A545BD71E36A7E800F15E31 /* User.swift */,
				1A545BE31E36B2B000F15E31 /* FBItem.swift */,
				1A545C3A1E36D36700F15E31 /* File.swift */,
				1A545C611E36D95800F15E31 /* DataModel.swift */,
				1AE581751E372C690050FA6D /* Credentials.swift */,
			);
			name = Models;
			sourceTree = "<group>";
		};
		1A6802BA1E3D8563006FC5B7 /* Encryption */ = {
			isa = PBXGroup;
			children = (
				1A6802BB1E3D85B7006FC5B7 /* EncryptionProtocol.swift */,
				1A6802BD1E3D8A3F006FC5B7 /* Encryptors */,
			);
			name = Encryption;
			sourceTree = "<group>";
		};
		1A6802BD1E3D8A3F006FC5B7 /* Encryptors */ = {
			isa = PBXGroup;
			children = (
				1A6802B81E3D82DC006FC5B7 /* StringEncryptor.swift */,
			);
			name = Encryptors;
			sourceTree = "<group>";
		};
		1AA496DC1E369C1D000A70ED = {
			isa = PBXGroup;
			children = (
				1AA496E71E369C1D000A70ED /* EncryptMe */,
				1AA496E61E369C1D000A70ED /* Products */,
			);
			sourceTree = "<group>";
		};
		1AA496E61E369C1D000A70ED /* Products */ = {
			isa = PBXGroup;
			children = (
				1AA496E51E369C1D000A70ED /* EncryptMe.app */,
			);
			name = Products;
			sourceTree = "<group>";
		};
		1AA496E71E369C1D000A70ED /* EncryptMe */ = {
			isa = PBXGroup;
			children = (
				1AA496F11E369C1D000A70ED /* Assets.xcassets */,
				1AA496F61E369C1D000A70ED /* Info.plist */,
				1AE5814C1E36E1A90050FA6D /* Constants */,
				1AE581791E374E720050FA6D /* Utilities */,
				1A545BD61E36A7C800F15E31 /* Models */,
				1AA496FC1E369CD1000A70ED /* User Interface */,
				1AE581681E36F9FB0050FA6D /* AppData */,
				1AE581651E36F8EE0050FA6D /* Data Managers */,
				1AE581621E36F66D0050FA6D /* Storyboards */,
				1AE5816E1E370D120050FA6D /* Debug */,
				1AA496E81E369C1D000A70ED /* AppDelegate.swift */,
				1AE581771E372EDA0050FA6D /* ReadMe.md */,
			);
			path = EncryptMe;
			sourceTree = "<group>";
		};
		1AA496FC1E369CD1000A70ED /* User Interface */ = {
			isa = PBXGroup;
			children = (
				1AE5814B1E36DB020050FA6D /* Preferences */,
				1AA497081E36A2FF000A70ED /* UI Objects */,
				1AA496FD1E369CDE000A70ED /* View Controllers */,
			);
			name = "User Interface";
			sourceTree = "<group>";
		};
		1AA496FD1E369CDE000A70ED /* View Controllers */ = {
			isa = PBXGroup;
			children = (
				1AA497021E36A006000A70ED /* FilesViewNavController.swift */,
				1AA497001E369D31000A70ED /* MainTabBarControllerViewController.swift */,
				1AA496EC1E369C1D000A70ED /* SettingsViewController.swift */,
				1AE5815A1E36F06C0050FA6D /* FilesTableViewController.swift */,
			);
			name = "View Controllers";
			sourceTree = "<group>";
		};
		1AA497081E36A2FF000A70ED /* UI Objects */ = {
			isa = PBXGroup;
			children = (
				1AE581611E36F64F0050FA6D /* UITableViewCells */,
			);
			name = "UI Objects";
			sourceTree = "<group>";
		};
		1AE5814B1E36DB020050FA6D /* Preferences */ = {
			isa = PBXGroup;
			children = (
				1A545C631E36D9C600F15E31 /* UserPrefsModel.swift */,
				1A545C651E36DA3500F15E31 /* AppPrefsModel.swift */,
			);
			name = Preferences;
			sourceTree = "<group>";
		};
		1AE5814C1E36E1A90050FA6D /* Constants */ = {
			isa = PBXGroup;
			children = (
				1AE581551E36E5CC0050FA6D /* Misc */,
				1AE581521E36E57B0050FA6D /* Strings */,
			);
			name = Constants;
			sourceTree = "<group>";
		};
		1AE581521E36E57B0050FA6D /* Strings */ = {
			isa = PBXGroup;
			children = (
				1AD2D79D1E50E137004AED74 /* String+NullCheck.swift */,
				1AE581531E36E5A10050FA6D /* String+Localizable.swift */,
				1AE581501E36E2850050FA6D /* DefaultStringConstants.swift */,
				1AE5814D1E36E23A0050FA6D /* Localizable.strings */,
			);
			name = Strings;
			sourceTree = "<group>";
		};
		1AE581551E36E5CC0050FA6D /* Misc */ = {
			isa = PBXGroup;
			children = (
				1AE5816C1E3703100050FA6D /* AppDefaults.swift */,
			);
			name = Misc;
			sourceTree = "<group>";
		};
		1AE581611E36F64F0050FA6D /* UITableViewCells */ = {
			isa = PBXGroup;
			children = (
				1AE5815D1E36F6490050FA6D /* FBFileTableViewCell.swift */,
				1AE5815E1E36F6490050FA6D /* FBFileTableViewCell.xib */,
			);
			name = UITableViewCells;
			sourceTree = "<group>";
		};
		1AE581621E36F66D0050FA6D /* Storyboards */ = {
			isa = PBXGroup;
			children = (
				1AA496EE1E369C1D000A70ED /* Main.storyboard */,
				1AA496F31E369C1D000A70ED /* LaunchScreen.storyboard */,
			);
			name = Storyboards;
			sourceTree = "<group>";
		};
		1AE581651E36F8EE0050FA6D /* Data Managers */ = {
			isa = PBXGroup;
			children = (
				1A75C7061E393716000F92A1 /* PlistManager.swift */,
				1A545C3C1E36D43200F15E31 /* FBDataManager.swift */,
				1AE581731E3718EB0050FA6D /* LoginManager.swift */,
				1AE5817D1E375C810050FA6D /* UserDataManager.swift */,
			);
			name = "Data Managers";
			sourceTree = "<group>";
		};
		1AE581681E36F9FB0050FA6D /* AppData */ = {
			isa = PBXGroup;
			children = (
				1AE581691E36FA0F0050FA6D /* AppData.swift */,
			);
			name = AppData;
			sourceTree = "<group>";
		};
		1AE5816E1E370D120050FA6D /* Debug */ = {
			isa = PBXGroup;
			children = (
				1AE5816F1E370D220050FA6D /* Console.swift */,
			);
			name = Debug;
			sourceTree = "<group>";
		};
		1AE581791E374E720050FA6D /* Utilities */ = {
			isa = PBXGroup;
			children = (
				1A6802BA1E3D8563006FC5B7 /* Encryption */,
				1AE5817A1E374E850050FA6D /* Tasks */,
			);
			name = Utilities;
			sourceTree = "<group>";
		};
		1AE5817A1E374E850050FA6D /* Tasks */ = {
			isa = PBXGroup;
			children = (
				1AE5817B1E374E9A0050FA6D /* AsyncTask.swift */,
				1AE5817F1E375E3A0050FA6D /* SynchronousTask.swift */,
				1AE581811E375ED50050FA6D /* DispatchQueues.swift */,
			);
			name = Tasks;
			sourceTree = "<group>";
		};
/* End PBXGroup section */

/* Begin PBXNativeTarget section */
		1AA496E41E369C1D000A70ED /* EncryptMe */ = {
			isa = PBXNativeTarget;
			buildConfigurationList = 1AA496F91E369C1D000A70ED /* Build configuration list for PBXNativeTarget "EncryptMe" */;
			buildPhases = (
				1AA496E11E369C1D000A70ED /* Sources */,
				1AA496E21E369C1D000A70ED /* Frameworks */,
				1AA496E31E369C1D000A70ED /* Resources */,
			);
			buildRules = (
			);
			dependencies = (
			);
			name = EncryptMe;
			productName = EncryptMe;
			productReference = 1AA496E51E369C1D000A70ED /* EncryptMe.app */;
			productType = "com.apple.product-type.application";
		};
/* End PBXNativeTarget section */

/* Begin PBXProject section */
		1AA496DD1E369C1D000A70ED /* Project object */ = {
			isa = PBXProject;
			attributes = {
				LastSwiftUpdateCheck = 0820;
				LastUpgradeCheck = 0820;
				ORGANIZATIONNAME = "Tyler Hostager";
				TargetAttributes = {
					1AA496E41E369C1D000A70ED = {
						CreatedOnToolsVersion = 8.2.1;
						DevelopmentTeam = ZM57TK6EDW;
						ProvisioningStyle = Automatic;
					};
				};
			};
			buildConfigurationList = 1AA496E01E369C1D000A70ED /* Build configuration list for PBXProject "EncryptMe" */;
			compatibilityVersion = "Xcode 3.2";
			developmentRegion = English;
			hasScannedForEncodings = 0;
			knownRegions = (
				en,
				Base,
			);
			mainGroup = 1AA496DC1E369C1D000A70ED;
			productRefGroup = 1AA496E61E369C1D000A70ED /* Products */;
			projectDirPath = "";
			projectRoot = "";
			targets = (
				1AA496E41E369C1D000A70ED /* EncryptMe */,
			);
		};
/* End PBXProject section */

/* Begin PBXResourcesBuildPhase section */
		1AA496E31E369C1D000A70ED /* Resources */ = {
			isa = PBXResourcesBuildPhase;
			buildActionMask = 2147483647;
			files = (
				1AA496F51E369C1D000A70ED /* LaunchScreen.storyboard in Resources */,
				1AE581601E36F6490050FA6D /* FBFileTableViewCell.xib in Resources */,
				1AE5814E1E36E23A0050FA6D /* Localizable.strings in Resources */,
				1AA496F21E369C1D000A70ED /* Assets.xcassets in Resources */,
				1AA496F01E369C1D000A70ED /* Main.storyboard in Resources */,
			);
			runOnlyForDeploymentPostprocessing = 0;
		};
/* End PBXResourcesBuildPhase section */

/* Begin PBXSourcesBuildPhase section */
		1AA496E11E369C1D000A70ED /* Sources */ = {
			isa = PBXSourcesBuildPhase;
			buildActionMask = 2147483647;
			files = (
				1AA496ED1E369C1D000A70ED /* SettingsViewController.swift in Sources */,
				1AA496E91E369C1D000A70ED /* AppDelegate.swift in Sources */,
				1AE581761E372C690050FA6D /* Credentials.swift in Sources */,
				1A545BD81E36A7E800F15E31 /* User.swift in Sources */,
				1A545BE41E36B2B000F15E31 /* FBItem.swift in Sources */,
				1AE581781E372EDA0050FA6D /* ReadMe.md in Sources */,
				1AE5815C1E36F2C00050FA6D /* DataModel.swift in Sources */,
				1AD2D79E1E50E137004AED74 /* String+NullCheck.swift in Sources */,
				1AE581511E36E2850050FA6D /* DefaultStringConstants.swift in Sources */,
				1A545C661E36DA3500F15E31 /* AppPrefsModel.swift in Sources */,
				1AE5816D1E3703100050FA6D /* AppDefaults.swift in Sources */,
				1A545C3B1E36D36700F15E31 /* File.swift in Sources */,
				1AE581821E375ED50050FA6D /* DispatchQueues.swift in Sources */,
				1A75C7071E393716000F92A1 /* PlistManager.swift in Sources */,
				1AE5817C1E374E9A0050FA6D /* AsyncTask.swift in Sources */,
				1A6802B91E3D82DC006FC5B7 /* StringEncryptor.swift in Sources */,
				1A545C3D1E36D43200F15E31 /* FBDataManager.swift in Sources */,
				1A6802BC1E3D85B7006FC5B7 /* EncryptionProtocol.swift in Sources */,
				1AA497031E36A006000A70ED /* FilesViewNavController.swift in Sources */,
				1AE581801E375E3A0050FA6D /* SynchronousTask.swift in Sources */,
				1AA497011E369D31000A70ED /* MainTabBarControllerViewController.swift in Sources */,
				1AE5815B1E36F06C0050FA6D /* FilesTableViewController.swift in Sources */,
				1AE581701E370D220050FA6D /* Console.swift in Sources */,
				1AE5816A1E36FA0F0050FA6D /* AppData.swift in Sources */,
				1A545C641E36D9C600F15E31 /* UserPrefsModel.swift in Sources */,
				1AE5817E1E375C810050FA6D /* UserDataManager.swift in Sources */,
				1AE581741E3718EB0050FA6D /* LoginManager.swift in Sources */,
				1AE581541E36E5A10050FA6D /* String+Localizable.swift in Sources */,
				1AE5815F1E36F6490050FA6D /* FBFileTableViewCell.swift in Sources */,
			);
			runOnlyForDeploymentPostprocessing = 0;
		};
/* End PBXSourcesBuildPhase section */

/* Begin PBXVariantGroup section */
		1AA496EE1E369C1D000A70ED /* Main.storyboard */ = {
			isa = PBXVariantGroup;
			children = (
				1AA496EF1E369C1D000A70ED /* Base */,
			);
			name = Main.storyboard;
			sourceTree = "<group>";
		};
		1AA496F31E369C1D000A70ED /* LaunchScreen.storyboard */ = {
			isa = PBXVariantGroup;
			children = (
				1AA496F41E369C1D000A70ED /* Base */,
			);
			name = LaunchScreen.storyboard;
			sourceTree = "<group>";
		};
/* End PBXVariantGroup section */

/* Begin XCBuildConfiguration section */
		1AA496F71E369C1D000A70ED /* Debug */ = {
			isa = XCBuildConfiguration;
			buildSettings = {
				ALWAYS_SEARCH_USER_PATHS = NO;
				CLANG_ANALYZER_NONNULL = YES;
				CLANG_CXX_LANGUAGE_STANDARD = "gnu++0x";
				CLANG_CXX_LIBRARY = "libc++";
				CLANG_ENABLE_MODULES = YES;
				CLANG_ENABLE_OBJC_ARC = YES;
				CLANG_WARN_BOOL_CONVERSION = YES;
				CLANG_WARN_CONSTANT_CONVERSION = YES;
				CLANG_WARN_DIRECT_OBJC_ISA_USAGE = YES_ERROR;
				CLANG_WARN_DOCUMENTATION_COMMENTS = YES;
				CLANG_WARN_EMPTY_BODY = YES;
				CLANG_WARN_ENUM_CONVERSION = YES;
				CLANG_WARN_INFINITE_RECURSION = YES;
				CLANG_WARN_INT_CONVERSION = YES;
				CLANG_WARN_OBJC_ROOT_CLASS = YES_ERROR;
				CLANG_WARN_SUSPICIOUS_MOVE = YES;
				CLANG_WARN_UNREACHABLE_CODE = YES;
				CLANG_WARN__DUPLICATE_METHOD_MATCH = YES;
				"CODE_SIGN_IDENTITY[sdk=iphoneos*]" = "iPhone Developer";
				COPY_PHASE_STRIP = NO;
				DEBUG_INFORMATION_FORMAT = dwarf;
				ENABLE_STRICT_OBJC_MSGSEND = YES;
				ENABLE_TESTABILITY = YES;
				GCC_C_LANGUAGE_STANDARD = gnu99;
				GCC_DYNAMIC_NO_PIC = NO;
				GCC_NO_COMMON_BLOCKS = YES;
				GCC_OPTIMIZATION_LEVEL = 0;
				GCC_PREPROCESSOR_DEFINITIONS = (
					"DEBUG=1",
					"$(inherited)",
				);
				GCC_WARN_64_TO_32_BIT_CONVERSION = YES;
				GCC_WARN_ABOUT_RETURN_TYPE = YES_ERROR;
				GCC_WARN_UNDECLARED_SELECTOR = YES;
				GCC_WARN_UNINITIALIZED_AUTOS = YES_AGGRESSIVE;
				GCC_WARN_UNUSED_FUNCTION = YES;
				GCC_WARN_UNUSED_VARIABLE = YES;
				IPHONEOS_DEPLOYMENT_TARGET = 10.2;
				MTL_ENABLE_DEBUG_INFO = YES;
				ONLY_ACTIVE_ARCH = YES;
				SDKROOT = iphoneos;
				SWIFT_ACTIVE_COMPILATION_CONDITIONS = DEBUG;
				SWIFT_OPTIMIZATION_LEVEL = "-Onone";
				TARGETED_DEVICE_FAMILY = "1,2";
			};
			name = Debug;
		};
		1AA496F81E369C1D000A70ED /* Release */ = {
			isa = XCBuildConfiguration;
			buildSettings = {
				ALWAYS_SEARCH_USER_PATHS = NO;
				CLANG_ANALYZER_NONNULL = YES;
				CLANG_CXX_LANGUAGE_STANDARD = "gnu++0x";
				CLANG_CXX_LIBRARY = "libc++";
				CLANG_ENABLE_MODULES = YES;
				CLANG_ENABLE_OBJC_ARC = YES;
				CLANG_WARN_BOOL_CONVERSION = YES;
				CLANG_WARN_CONSTANT_CONVERSION = YES;
				CLANG_WARN_DIRECT_OBJC_ISA_USAGE = YES_ERROR;
				CLANG_WARN_DOCUMENTATION_COMMENTS = YES;
				CLANG_WARN_EMPTY_BODY = YES;
				CLANG_WARN_ENUM_CONVERSION = YES;
				CLANG_WARN_INFINITE_RECURSION = YES;
				CLANG_WARN_INT_CONVERSION = YES;
				CLANG_WARN_OBJC_ROOT_CLASS = YES_ERROR;
				CLANG_WARN_SUSPICIOUS_MOVE = YES;
				CLANG_WARN_UNREACHABLE_CODE = YES;
				CLANG_WARN__DUPLICATE_METHOD_MATCH = YES;
				"CODE_SIGN_IDENTITY[sdk=iphoneos*]" = "iPhone Developer";
				COPY_PHASE_STRIP = NO;
				DEBUG_INFORMATION_FORMAT = "dwarf-with-dsym";
				ENABLE_NS_ASSERTIONS = NO;
				ENABLE_STRICT_OBJC_MSGSEND = YES;
				GCC_C_LANGUAGE_STANDARD = gnu99;
				GCC_NO_COMMON_BLOCKS = YES;
				GCC_WARN_64_TO_32_BIT_CONVERSION = YES;
				GCC_WARN_ABOUT_RETURN_TYPE = YES_ERROR;
				GCC_WARN_UNDECLARED_SELECTOR = YES;
				GCC_WARN_UNINITIALIZED_AUTOS = YES_AGGRESSIVE;
				GCC_WARN_UNUSED_FUNCTION = YES;
				GCC_WARN_UNUSED_VARIABLE = YES;
				IPHONEOS_DEPLOYMENT_TARGET = 10.2;
				MTL_ENABLE_DEBUG_INFO = NO;
				SDKROOT = iphoneos;
				SWIFT_OPTIMIZATION_LEVEL = "-Owholemodule";
				TARGETED_DEVICE_FAMILY = "1,2";
				VALIDATE_PRODUCT = YES;
			};
			name = Release;
		};
		1AA496FA1E369C1D000A70ED /* Debug */ = {
			isa = XCBuildConfiguration;
			buildSettings = {
				ASSETCATALOG_COMPILER_APPICON_NAME = AppIcon;
				DEVELOPMENT_TEAM = ZM57TK6EDW;
				INFOPLIST_FILE = EncryptMe/Info.plist;
				LD_RUNPATH_SEARCH_PATHS = "$(inherited) @executable_path/Frameworks";
				PRODUCT_BUNDLE_IDENTIFIER = com.tyhostager.EncryptMe;
				PRODUCT_NAME = "$(TARGET_NAME)";
				SWIFT_VERSION = 3.0;
			};
			name = Debug;
		};
		1AA496FB1E369C1D000A70ED /* Release */ = {
			isa = XCBuildConfiguration;
			buildSettings = {
				ASSETCATALOG_COMPILER_APPICON_NAME = AppIcon;
				DEVELOPMENT_TEAM = ZM57TK6EDW;
				INFOPLIST_FILE = EncryptMe/Info.plist;
				LD_RUNPATH_SEARCH_PATHS = "$(inherited) @executable_path/Frameworks";
				PRODUCT_BUNDLE_IDENTIFIER = com.tyhostager.EncryptMe;
				PRODUCT_NAME = "$(TARGET_NAME)";
				SWIFT_VERSION = 3.0;
			};
			name = Release;
		};
/* End XCBuildConfiguration section */

/* Begin XCConfigurationList section */
		1AA496E01E369C1D000A70ED /* Build configuration list for PBXProject "EncryptMe" */ = {
			isa = XCConfigurationList;
			buildConfigurations = (
				1AA496F71E369C1D000A70ED /* Debug */,
				1AA496F81E369C1D000A70ED /* Release */,
			);
			defaultConfigurationIsVisible = 0;
			defaultConfigurationName = Release;
		};
		1AA496F91E369C1D000A70ED /* Build configuration list for PBXNativeTarget "EncryptMe" */ = {
			isa = XCConfigurationList;
			buildConfigurations = (
				1AA496FA1E369C1D000A70ED /* Debug */,
				1AA496FB1E369C1D000A70ED /* Release */,
			);
			defaultConfigurationIsVisible = 0;
			defaultConfigurationName = Release;
		};
/* End XCConfigurationList section */
	};
	rootObject = 1AA496DD1E369C1D000A70ED /* Project object */;
}
